
Microsoft Visual Studio Solution File, Format Version 12.00
# Visual Studio Version 17
VisualStudioVersion = 17.3.32901.215
MinimumVisualStudioVersion = 10.0.40219.1
Project("{FAE04EC0-301F-11D3-BF4B-00C04F79EFBC}") = "Diskcleaner", "Diskcleaner\Diskcleaner.csproj", "{9A820B14-AC8A-4827-BEA6-9BD54169EC88}"
EndProject
Global
	GlobalSection(SolutionConfigurationPlatforms) = preSolution
		Debug|Any CPU = Debug|Any CPU
		Release|Any CPU = Release|Any CPU
	EndGlobalSection
	GlobalSection(ProjectConfigurationPlatforms) = postSolution
		{9A820B14-AC8A-4827-BEA6-9BD54169EC88}.Debug|Any CPU.ActiveCfg = Debug|Any CPU
		{9A820B14-AC8A-4827-BEA6-9BD54169EC88}.Debug|Any CPU.Build.0 = Debug|Any CPU
		{9A820B14-AC8A-4827-BEA6-9BD54169EC88}.Release|Any CPU.ActiveCfg = Release|Any CPU
		{9A820B14-AC8A-4827-BEA6-9BD54169EC88}.Release|Any CPU.Build.0 = Release|Any CPU
	EndGlobalSection
	GlobalSection(SolutionProperties) = preSolution
		HideSolutionNode = FALSE
	EndGlobalSection
	GlobalSection(ExtensibilityGlobals) = postSolution
		SolutionGuid = {4390FBB8-74B5-441E-9BB1-FBF2D9DF934F}
	EndGlobalSection
EndGlobal
